
Microsoft Visual Studio Solution File, Format Version 12.00
# Visual Studio Version 17
VisualStudioVersion = 17.6.33829.357
MinimumVisualStudioVersion = 10.0.40219.1
Project("{8BC9CEB8-8B4A-11D0-8D11-00A0C91BC942}") = "March-PreSuf", "March-PreSuf\March-PreSuf.vcxproj", "{FCD39FE3-265F-4FAB-A9E2-518EEFBF5903}"
EndProject
Global
	GlobalSection(SolutionConfigurationPlatforms) = preSolution
		Debug|x64 = Debug|x64
		Debug|x86 = Debug|x86
		Release|x64 = Release|x64
		Release|x86 = Release|x86
	EndGlobalSection
	GlobalSection(ProjectConfigurationPlatforms) = postSolution
		{FCD39FE3-265F-4FAB-A9E2-518EEFBF5903}.Debug|x64.ActiveCfg = Debug|x64
		{FCD39FE3-265F-4FAB-A9E2-518EEFBF5903}.Debug|x64.Build.0 = Debug|x64
		{FCD39FE3-265F-4FAB-A9E2-518EEFBF5903}.Debug|x86.ActiveCfg = Debug|Win32
		{FCD39FE3-265F-4FAB-A9E2-518EEFBF5903}.Debug|x86.Build.0 = Debug|Win32
		{FCD39FE3-265F-4FAB-A9E2-518EEFBF5903}.Release|x64.ActiveCfg = Release|x64
		{FCD39FE3-265F-4FAB-A9E2-518EEFBF5903}.Release|x64.Build.0 = Release|x64
		{FCD39FE3-265F-4FAB-A9E2-518EEFBF5903}.Release|x86.ActiveCfg = Release|Win32
		{FCD39FE3-265F-4FAB-A9E2-518EEFBF5903}.Release|x86.Build.0 = Release|Win32
	EndGlobalSection
	GlobalSection(SolutionProperties) = preSolution
		HideSolutionNode = FALSE
	EndGlobalSection
	GlobalSection(ExtensibilityGlobals) = postSolution
		SolutionGuid = {376ECFA1-DAAA-4854-926D-3FE138D75214}
	EndGlobalSection
EndGlobal
